
Microsoft Visual Studio Solution File, Format Version 12.00
# Visual Studio Version 16
VisualStudioVersion = 16.0.30114.105
MinimumVisualStudioVersion = 10.0.40219.1
Project("{FAE04EC0-301F-11D3-BF4B-00C04F79EFBC}") = "VsLinqIssue", "VsLinqIssue\VsLinqIssue.csproj", "{764DCF09-9C82-4E9F-A098-D769C296368E}"
EndProject
Global
	GlobalSection(SolutionConfigurationPlatforms) = preSolution
		Debug|Any CPU = Debug|Any CPU
		Release|Any CPU = Release|Any CPU
	EndGlobalSection
	GlobalSection(ProjectConfigurationPlatforms) = postSolution
		{764DCF09-9C82-4E9F-A098-D769C296368E}.Debug|Any CPU.ActiveCfg = Debug|Any CPU
		{764DCF09-9C82-4E9F-A098-D769C296368E}.Debug|Any CPU.Build.0 = Debug|Any CPU
		{764DCF09-9C82-4E9F-A098-D769C296368E}.Release|Any CPU.ActiveCfg = Release|Any CPU
		{764DCF09-9C82-4E9F-A098-D769C296368E}.Release|Any CPU.Build.0 = Release|Any CPU
	EndGlobalSection
	GlobalSection(SolutionProperties) = preSolution
		HideSolutionNode = FALSE
	EndGlobalSection
	GlobalSection(ExtensibilityGlobals) = postSolution
		SolutionGuid = {5F89A5EB-04A2-4B8A-B22E-DA785A3CDB7E}
	EndGlobalSection
EndGlobal
